
Microsoft Visual Studio Solution File, Format Version 12.00
# Visual Studio Version 16
VisualStudioVersion = 16.0.30717.126
MinimumVisualStudioVersion = 10.0.40219.1
Project("{6EC3EE1D-3C4E-46DD-8F32-0CC8E7565705}") = "FunctionalProgramming", "FunctionalProgramming\FunctionalProgramming.fsproj", "{4F9403AF-6584-45ED-965A-9F17355B4535}"
EndProject
Project("{6EC3EE1D-3C4E-46DD-8F32-0CC8E7565705}") = "Fractal", "Fractal\Fractal.fsproj", "{E8BD1F6A-C80A-4469-8913-D33193CAA9EB}"
EndProject
Project("{6EC3EE1D-3C4E-46DD-8F32-0CC8E7565705}") = "2DFunction", "2DFunction\2DFunction.fsproj", "{9752833F-646B-4920-80FD-2D063F6E2E05}"
EndProject
Project("{6EC3EE1D-3C4E-46DD-8F32-0CC8E7565705}") = "Vis03Samples", "Vis03Samples\Vis03Samples.fsproj", "{7EA57BAF-3A81-4B8A-AB30-B27FC2065897}"
EndProject
Project("{6EC3EE1D-3C4E-46DD-8F32-0CC8E7565705}") = "Vis04", "Vis04\Vis04.fsproj", "{C2ABD6F2-82D9-4050-85DB-4BBAAED2D9AD}"
EndProject
Project("{6EC3EE1D-3C4E-46DD-8F32-0CC8E7565705}") = "vis06", "vis06\vis06.fsproj", "{BE4A6DDA-CA35-47E9-929C-AAF33C52CA29}"
EndProject
Project("{6EC3EE1D-3C4E-46DD-8F32-0CC8E7565705}") = "vis07", "vis07\vis07.fsproj", "{EFF3E68E-3338-480E-96FB-D09FF861A6D5}"
EndProject
Project("{6EC3EE1D-3C4E-46DD-8F32-0CC8E7565705}") = "Turing", "Turing\Turing.fsproj", "{FA1405DF-36BB-4B25-98DF-4BA539908480}"
EndProject
Project("{6EC3EE1D-3C4E-46DD-8F32-0CC8E7565705}") = "EvalApply", "EvalApply\EvalApply.fsproj", "{1EB77364-E48D-48DE-B618-28BF3ADFC958}"
EndProject
Project("{6EC3EE1D-3C4E-46DD-8F32-0CC8E7565705}") = "SECD", "SECD\SECD.fsproj", "{1AF73FE4-F116-4F42-9548-C122BE382B80}"
EndProject
Project("{6EC3EE1D-3C4E-46DD-8F32-0CC8E7565705}") = "vis11", "vis11\vis11.fsproj", "{528A5AC7-39B7-4F17-AAA5-F176A7A9A8DF}"
EndProject
Project("{F2A71F9B-5D33-465A-A702-920D77279786}") = "vis12", "vis12\vis12.fsproj", "{85807B65-B6BD-40E1-8045-063245DED84F}"
EndProject
Global
	GlobalSection(SolutionConfigurationPlatforms) = preSolution
		Debug|Any CPU = Debug|Any CPU
		Release|Any CPU = Release|Any CPU
	EndGlobalSection
	GlobalSection(ProjectConfigurationPlatforms) = postSolution
		{4F9403AF-6584-45ED-965A-9F17355B4535}.Debug|Any CPU.ActiveCfg = Debug|Any CPU
		{4F9403AF-6584-45ED-965A-9F17355B4535}.Debug|Any CPU.Build.0 = Debug|Any CPU
		{4F9403AF-6584-45ED-965A-9F17355B4535}.Release|Any CPU.ActiveCfg = Release|Any CPU
		{4F9403AF-6584-45ED-965A-9F17355B4535}.Release|Any CPU.Build.0 = Release|Any CPU
		{E8BD1F6A-C80A-4469-8913-D33193CAA9EB}.Debug|Any CPU.ActiveCfg = Debug|Any CPU
		{E8BD1F6A-C80A-4469-8913-D33193CAA9EB}.Debug|Any CPU.Build.0 = Debug|Any CPU
		{E8BD1F6A-C80A-4469-8913-D33193CAA9EB}.Release|Any CPU.ActiveCfg = Release|Any CPU
		{E8BD1F6A-C80A-4469-8913-D33193CAA9EB}.Release|Any CPU.Build.0 = Release|Any CPU
		{9752833F-646B-4920-80FD-2D063F6E2E05}.Debug|Any CPU.ActiveCfg = Debug|Any CPU
		{9752833F-646B-4920-80FD-2D063F6E2E05}.Debug|Any CPU.Build.0 = Debug|Any CPU
		{9752833F-646B-4920-80FD-2D063F6E2E05}.Release|Any CPU.ActiveCfg = Release|Any CPU
		{9752833F-646B-4920-80FD-2D063F6E2E05}.Release|Any CPU.Build.0 = Release|Any CPU
		{7EA57BAF-3A81-4B8A-AB30-B27FC2065897}.Debug|Any CPU.ActiveCfg = Debug|Any CPU
		{7EA57BAF-3A81-4B8A-AB30-B27FC2065897}.Debug|Any CPU.Build.0 = Debug|Any CPU
		{7EA57BAF-3A81-4B8A-AB30-B27FC2065897}.Release|Any CPU.ActiveCfg = Release|Any CPU
		{7EA57BAF-3A81-4B8A-AB30-B27FC2065897}.Release|Any CPU.Build.0 = Release|Any CPU
		{C2ABD6F2-82D9-4050-85DB-4BBAAED2D9AD}.Debug|Any CPU.ActiveCfg = Debug|Any CPU
		{C2ABD6F2-82D9-4050-85DB-4BBAAED2D9AD}.Debug|Any CPU.Build.0 = Debug|Any CPU
		{C2ABD6F2-82D9-4050-85DB-4BBAAED2D9AD}.Release|Any CPU.ActiveCfg = Release|Any CPU
		{C2ABD6F2-82D9-4050-85DB-4BBAAED2D9AD}.Release|Any CPU.Build.0 = Release|Any CPU
		{BE4A6DDA-CA35-47E9-929C-AAF33C52CA29}.Debug|Any CPU.ActiveCfg = Debug|Any CPU
		{BE4A6DDA-CA35-47E9-929C-AAF33C52CA29}.Debug|Any CPU.Build.0 = Debug|Any CPU
		{BE4A6DDA-CA35-47E9-929C-AAF33C52CA29}.Release|Any CPU.ActiveCfg = Release|Any CPU
		{BE4A6DDA-CA35-47E9-929C-AAF33C52CA29}.Release|Any CPU.Build.0 = Release|Any CPU
		{EFF3E68E-3338-480E-96FB-D09FF861A6D5}.Debug|Any CPU.ActiveCfg = Debug|Any CPU
		{EFF3E68E-3338-480E-96FB-D09FF861A6D5}.Debug|Any CPU.Build.0 = Debug|Any CPU
		{EFF3E68E-3338-480E-96FB-D09FF861A6D5}.Release|Any CPU.ActiveCfg = Release|Any CPU
		{EFF3E68E-3338-480E-96FB-D09FF861A6D5}.Release|Any CPU.Build.0 = Release|Any CPU
		{FA1405DF-36BB-4B25-98DF-4BA539908480}.Debug|Any CPU.ActiveCfg = Debug|Any CPU
		{FA1405DF-36BB-4B25-98DF-4BA539908480}.Debug|Any CPU.Build.0 = Debug|Any CPU
		{FA1405DF-36BB-4B25-98DF-4BA539908480}.Release|Any CPU.ActiveCfg = Release|Any CPU
		{FA1405DF-36BB-4B25-98DF-4BA539908480}.Release|Any CPU.Build.0 = Release|Any CPU
		{1EB77364-E48D-48DE-B618-28BF3ADFC958}.Debug|Any CPU.ActiveCfg = Debug|Any CPU
		{1EB77364-E48D-48DE-B618-28BF3ADFC958}.Debug|Any CPU.Build.0 = Debug|Any CPU
		{1EB77364-E48D-48DE-B618-28BF3ADFC958}.Release|Any CPU.ActiveCfg = Release|Any CPU
		{1EB77364-E48D-48DE-B618-28BF3ADFC958}.Release|Any CPU.Build.0 = Release|Any CPU
		{1AF73FE4-F116-4F42-9548-C122BE382B80}.Debug|Any CPU.ActiveCfg = Debug|Any CPU
		{1AF73FE4-F116-4F42-9548-C122BE382B80}.Debug|Any CPU.Build.0 = Debug|Any CPU
		{1AF73FE4-F116-4F42-9548-C122BE382B80}.Release|Any CPU.ActiveCfg = Release|Any CPU
		{1AF73FE4-F116-4F42-9548-C122BE382B80}.Release|Any CPU.Build.0 = Release|Any CPU
		{528A5AC7-39B7-4F17-AAA5-F176A7A9A8DF}.Debug|Any CPU.ActiveCfg = Debug|Any CPU
		{528A5AC7-39B7-4F17-AAA5-F176A7A9A8DF}.Debug|Any CPU.Build.0 = Debug|Any CPU
		{528A5AC7-39B7-4F17-AAA5-F176A7A9A8DF}.Release|Any CPU.ActiveCfg = Release|Any CPU
		{528A5AC7-39B7-4F17-AAA5-F176A7A9A8DF}.Release|Any CPU.Build.0 = Release|Any CPU
		{85807B65-B6BD-40E1-8045-063245DED84F}.Debug|Any CPU.ActiveCfg = Debug|Any CPU
		{85807B65-B6BD-40E1-8045-063245DED84F}.Debug|Any CPU.Build.0 = Debug|Any CPU
		{85807B65-B6BD-40E1-8045-063245DED84F}.Release|Any CPU.ActiveCfg = Release|Any CPU
		{85807B65-B6BD-40E1-8045-063245DED84F}.Release|Any CPU.Build.0 = Release|Any CPU
	EndGlobalSection
	GlobalSection(SolutionProperties) = preSolution
		HideSolutionNode = FALSE
	EndGlobalSection
	GlobalSection(ExtensibilityGlobals) = postSolution
		SolutionGuid = {A5F26108-EEFD-427C-81DC-02FAA0D751AA}
	EndGlobalSection
EndGlobal
